
Microsoft Visual Studio Solution File, Format Version 12.00
# Visual Studio Version 16
VisualStudioVersion = 16.0.29306.81
MinimumVisualStudioVersion = 10.0.40219.1
Project("{FAE04EC0-301F-11D3-BF4B-00C04F79EFBC}") = "NoPlaApi", "NoPlaApi\NoPlaApi.csproj", "{F53DD79F-08B9-4B80-AE90-762D7E683173}"
EndProject
Global
	GlobalSection(SolutionConfigurationPlatforms) = preSolution
		Debug|Any CPU = Debug|Any CPU
		Release|Any CPU = Release|Any CPU
	EndGlobalSection
	GlobalSection(ProjectConfigurationPlatforms) = postSolution
		{F53DD79F-08B9-4B80-AE90-762D7E683173}.Debug|Any CPU.ActiveCfg = Debug|Any CPU
		{F53DD79F-08B9-4B80-AE90-762D7E683173}.Debug|Any CPU.Build.0 = Debug|Any CPU
		{F53DD79F-08B9-4B80-AE90-762D7E683173}.Release|Any CPU.ActiveCfg = Release|Any CPU
		{F53DD79F-08B9-4B80-AE90-762D7E683173}.Release|Any CPU.Build.0 = Release|Any CPU
	EndGlobalSection
	GlobalSection(SolutionProperties) = preSolution
		HideSolutionNode = FALSE
	EndGlobalSection
	GlobalSection(ExtensibilityGlobals) = postSolution
		SolutionGuid = {593A12F1-FE89-4DC6-B868-9756EE92EF0E}
	EndGlobalSection
EndGlobal
